
Microsoft Visual Studio Solution File, Format Version 12.00
# Visual Studio Version 16
VisualStudioVersion = 16.0.30204.135
MinimumVisualStudioVersion = 10.0.40219.1
Project("{9A19103F-16F7-4668-BE54-9A1E7A4F7556}") = "VirtusFitConsole", "VirtusFitConsole\VirtusFitConsole.csproj", "{63FB5B02-FA51-45E4-937E-43F0AF09DA16}"
EndProject
Project("{9A19103F-16F7-4668-BE54-9A1E7A4F7556}") = "BLL", "BLL\BLL.csproj", "{2A4E86F6-970C-4CE8-ABD7-783DC7A7D72E}"
EndProject
Project("{FAE04EC0-301F-11D3-BF4B-00C04F79EFBC}") = "VirtusFitWeb", "VirtusFitWeb\VirtusFitWeb.csproj", "{569F4EC4-B897-4F90-836B-71C7FB08C901}"
EndProject
Global
	GlobalSection(SolutionConfigurationPlatforms) = preSolution
		Debug|Any CPU = Debug|Any CPU
		Release|Any CPU = Release|Any CPU
	EndGlobalSection
	GlobalSection(ProjectConfigurationPlatforms) = postSolution
		{63FB5B02-FA51-45E4-937E-43F0AF09DA16}.Debug|Any CPU.ActiveCfg = Debug|Any CPU
		{63FB5B02-FA51-45E4-937E-43F0AF09DA16}.Debug|Any CPU.Build.0 = Debug|Any CPU
		{63FB5B02-FA51-45E4-937E-43F0AF09DA16}.Release|Any CPU.ActiveCfg = Release|Any CPU
		{63FB5B02-FA51-45E4-937E-43F0AF09DA16}.Release|Any CPU.Build.0 = Release|Any CPU
		{2A4E86F6-970C-4CE8-ABD7-783DC7A7D72E}.Debug|Any CPU.ActiveCfg = Debug|Any CPU
		{2A4E86F6-970C-4CE8-ABD7-783DC7A7D72E}.Debug|Any CPU.Build.0 = Debug|Any CPU
		{2A4E86F6-970C-4CE8-ABD7-783DC7A7D72E}.Release|Any CPU.ActiveCfg = Release|Any CPU
		{2A4E86F6-970C-4CE8-ABD7-783DC7A7D72E}.Release|Any CPU.Build.0 = Release|Any CPU
		{569F4EC4-B897-4F90-836B-71C7FB08C901}.Debug|Any CPU.ActiveCfg = Debug|Any CPU
		{569F4EC4-B897-4F90-836B-71C7FB08C901}.Debug|Any CPU.Build.0 = Debug|Any CPU
		{569F4EC4-B897-4F90-836B-71C7FB08C901}.Release|Any CPU.ActiveCfg = Release|Any CPU
		{569F4EC4-B897-4F90-836B-71C7FB08C901}.Release|Any CPU.Build.0 = Release|Any CPU
	EndGlobalSection
	GlobalSection(SolutionProperties) = preSolution
		HideSolutionNode = FALSE
	EndGlobalSection
	GlobalSection(ExtensibilityGlobals) = postSolution
		SolutionGuid = {928CD3E4-0FCB-462E-983C-D15CEBCD92F0}
	EndGlobalSection
EndGlobal
