
Microsoft Visual Studio Solution File, Format Version 12.00
# Visual Studio Version 16
VisualStudioVersion = 16.0.30204.135
MinimumVisualStudioVersion = 10.0.40219.1
Project("{9A19103F-16F7-4668-BE54-9A1E7A4F7556}") = "VirtusFitConsole", "VirtusFitConsole\VirtusFitConsole.csproj", "{63FB5B02-FA51-45E4-937E-43F0AF09DA16}"
EndProject
Project("{9A19103F-16F7-4668-BE54-9A1E7A4F7556}") = "BLL", "BLL\BLL.csproj", "{2A4E86F6-970C-4CE8-ABD7-783DC7A7D72E}"
EndProject
Project("{9A19103F-16F7-4668-BE54-9A1E7A4F7556}") = "VirtusFitWeb", "VirtusFitWeb\VirtusFitWeb.csproj", "{569F4EC4-B897-4F90-836B-71C7FB08C901}"
EndProject
Project("{2150E333-8FDC-42A3-9474-1A3956D46DE8}") = "Solution Items", "Solution Items", "{160A09C1-3015-49D9-82FA-23241A504DB0}"
	ProjectSection(SolutionItems) = preProject
		.editorconfig = .editorconfig
	EndProjectSection
EndProject
Project("{9A19103F-16F7-4668-BE54-9A1E7A4F7556}") = "UnitTests", "UnitTests\UnitTests.csproj", "{C080398F-1D4D-4FDF-9D1F-566C3B54D4DC}"
EndProject
Project("{9A19103F-16F7-4668-BE54-9A1E7A4F7556}") = "VirtusFitApi", "VirtusFitApi\VirtusFitApi.csproj", "{CF812F2B-B659-4A18-BCF4-17F79913AF6B}"
EndProject
Global
	GlobalSection(SolutionConfigurationPlatforms) = preSolution
		Debug|Any CPU = Debug|Any CPU
		Release|Any CPU = Release|Any CPU
	EndGlobalSection
	GlobalSection(ProjectConfigurationPlatforms) = postSolution
		{63FB5B02-FA51-45E4-937E-43F0AF09DA16}.Debug|Any CPU.ActiveCfg = Debug|Any CPU
		{63FB5B02-FA51-45E4-937E-43F0AF09DA16}.Debug|Any CPU.Build.0 = Debug|Any CPU
		{63FB5B02-FA51-45E4-937E-43F0AF09DA16}.Release|Any CPU.ActiveCfg = Release|Any CPU
		{63FB5B02-FA51-45E4-937E-43F0AF09DA16}.Release|Any CPU.Build.0 = Release|Any CPU
		{2A4E86F6-970C-4CE8-ABD7-783DC7A7D72E}.Debug|Any CPU.ActiveCfg = Debug|Any CPU
		{2A4E86F6-970C-4CE8-ABD7-783DC7A7D72E}.Debug|Any CPU.Build.0 = Debug|Any CPU
		{2A4E86F6-970C-4CE8-ABD7-783DC7A7D72E}.Release|Any CPU.ActiveCfg = Release|Any CPU
		{2A4E86F6-970C-4CE8-ABD7-783DC7A7D72E}.Release|Any CPU.Build.0 = Release|Any CPU
		{569F4EC4-B897-4F90-836B-71C7FB08C901}.Debug|Any CPU.ActiveCfg = Debug|Any CPU
		{569F4EC4-B897-4F90-836B-71C7FB08C901}.Debug|Any CPU.Build.0 = Debug|Any CPU
		{569F4EC4-B897-4F90-836B-71C7FB08C901}.Release|Any CPU.ActiveCfg = Release|Any CPU
		{569F4EC4-B897-4F90-836B-71C7FB08C901}.Release|Any CPU.Build.0 = Release|Any CPU
		{C080398F-1D4D-4FDF-9D1F-566C3B54D4DC}.Debug|Any CPU.ActiveCfg = Debug|Any CPU
		{C080398F-1D4D-4FDF-9D1F-566C3B54D4DC}.Debug|Any CPU.Build.0 = Debug|Any CPU
		{C080398F-1D4D-4FDF-9D1F-566C3B54D4DC}.Release|Any CPU.ActiveCfg = Release|Any CPU
		{C080398F-1D4D-4FDF-9D1F-566C3B54D4DC}.Release|Any CPU.Build.0 = Release|Any CPU
		{CF812F2B-B659-4A18-BCF4-17F79913AF6B}.Debug|Any CPU.ActiveCfg = Debug|Any CPU
		{CF812F2B-B659-4A18-BCF4-17F79913AF6B}.Debug|Any CPU.Build.0 = Debug|Any CPU
		{CF812F2B-B659-4A18-BCF4-17F79913AF6B}.Release|Any CPU.ActiveCfg = Release|Any CPU
		{CF812F2B-B659-4A18-BCF4-17F79913AF6B}.Release|Any CPU.Build.0 = Release|Any CPU
	EndGlobalSection
	GlobalSection(SolutionProperties) = preSolution
		HideSolutionNode = FALSE
	EndGlobalSection
	GlobalSection(ExtensibilityGlobals) = postSolution
		SolutionGuid = {928CD3E4-0FCB-462E-983C-D15CEBCD92F0}
	EndGlobalSection
EndGlobal
